# THIS IS AN AUTOGENERATED FILE. DO NOT EDIT THIS FILE DIRECTLY.
# yarn lockfile v1


"@nimvio/live-preview-sdk@^0.1.4":
  version "0.1.4"
  resolved "https://registry.yarnpkg.com/@nimvio/live-preview-sdk/-/live-preview-sdk-0.1.4.tgz#ed86018b7fac7d71e01613716f4a4e007e9d7e8e"
  integrity sha512-yevH+9y5lHfpm1zM6lSFBgiGR3Jt2BcUY2TKZPmPXbMe7GlTRMcSemTnup6X0Wvp3spoeKfzJidh9t/pIuWl5Q==
